{
  "originHash" : "69d6b4d4119fd40f2278ae7f28a6139e00062b5473e6352ee4fbd28612f23057",
  "pins" : [
    {
      "identity" : "colortokenskit-swift",
      "kind" : "remoteSourceControl",
      "location" : "https://github.com/metasidd/ColorTokensKit-Swift.git",
      "state" : {
        "revision" : "83cd0f322a797991e5eea1d999b08baccd1c1ae4",
        "version" : "1.0.0"
      }
    },
    {
      "identity" : "purchases-ios-spm",
      "kind" : "remoteSourceControl",
      "location" : "https://github.com/RevenueCat/purchases-ios-spm.git",
      "state" : {
        "revision" : "8f5f5e1b95506f89524cdbb70bcaf096a6f6fcc2",
        "version" : "5.70.0"
      }
    },
    {
      "identity" : "swiftuix",
      "kind" : "remoteSourceControl",
      "location" : "https://github.com/SwiftUIX/SwiftUIX.git",
      "state" : {
        "revision" : "1a320308dd3b630e12ab1e4f13e1897e65a5414d",
        "version" : "0.3.0"
      }
    }
  ],
  "version" : 3
}
